
Microsoft Visual Studio Solution File, Format Version 12.00
# Visual Studio Version 17
VisualStudioVersion = 17.0.31903.59
MinimumVisualStudioVersion = 10.0.40219.1
Project("{9A19103F-16F7-4668-BE54-9A1E7A4F7556}") = "CatalogRestApi.Contracts", "CatalogRestApi.Contracts\CatalogRestApi.Contracts.csproj", "{5ED9E5B9-D940-4F24-A41B-EED3D9438DC2}"
EndProject
Project("{9A19103F-16F7-4668-BE54-9A1E7A4F7556}") = "CatalogRestApi", "CatalogRestApi\CatalogRestApi.csproj", "{6F3F49C4-8C52-4E7F-B9EB-2124A68B4B36}"
EndProject
Global
	GlobalSection(SolutionConfigurationPlatforms) = preSolution
		Debug|Any CPU = Debug|Any CPU
		Release|Any CPU = Release|Any CPU
	EndGlobalSection
	GlobalSection(ProjectConfigurationPlatforms) = postSolution
		{5ED9E5B9-D940-4F24-A41B-EED3D9438DC2}.Debug|Any CPU.ActiveCfg = Debug|Any CPU
		{5ED9E5B9-D940-4F24-A41B-EED3D9438DC2}.Debug|Any CPU.Build.0 = Debug|Any CPU
		{5ED9E5B9-D940-4F24-A41B-EED3D9438DC2}.Release|Any CPU.ActiveCfg = Release|Any CPU
		{5ED9E5B9-D940-4F24-A41B-EED3D9438DC2}.Release|Any CPU.Build.0 = Release|Any CPU
		{6F3F49C4-8C52-4E7F-B9EB-2124A68B4B36}.Debug|Any CPU.ActiveCfg = Debug|Any CPU
		{6F3F49C4-8C52-4E7F-B9EB-2124A68B4B36}.Debug|Any CPU.Build.0 = Debug|Any CPU
		{6F3F49C4-8C52-4E7F-B9EB-2124A68B4B36}.Release|Any CPU.ActiveCfg = Release|Any CPU
		{6F3F49C4-8C52-4E7F-B9EB-2124A68B4B36}.Release|Any CPU.Build.0 = Release|Any CPU
	EndGlobalSection
	GlobalSection(SolutionProperties) = preSolution
		HideSolutionNode = FALSE
	EndGlobalSection
	GlobalSection(ExtensibilityGlobals) = postSolution
		SolutionGuid = {223672F1-4AF2-4DB2-8DD4-F7487817B722}
	EndGlobalSection
EndGlobal
